
Microsoft Visual Studio Solution File, Format Version 12.00
# Visual Studio 15
VisualStudioVersion = 15.0.28307.572
MinimumVisualStudioVersion = 10.0.40219.1
Project("{FAE04EC0-301F-11D3-BF4B-00C04F79EFBC}") = "ExpenseTracker", "ExpenseTracker\ExpenseTracker.csproj", "{CC236B5C-16DF-49C5-971D-AF47B2DA4930}"
EndProject
Global
	GlobalSection(SolutionConfigurationPlatforms) = preSolution
		Debug|Any CPU = Debug|Any CPU
		Release|Any CPU = Release|Any CPU
	EndGlobalSection
	GlobalSection(ProjectConfigurationPlatforms) = postSolution
		{CC236B5C-16DF-49C5-971D-AF47B2DA4930}.Debug|Any CPU.ActiveCfg = Debug|Any CPU
		{CC236B5C-16DF-49C5-971D-AF47B2DA4930}.Debug|Any CPU.Build.0 = Debug|Any CPU
		{CC236B5C-16DF-49C5-971D-AF47B2DA4930}.Release|Any CPU.ActiveCfg = Release|Any CPU
		{CC236B5C-16DF-49C5-971D-AF47B2DA4930}.Release|Any CPU.Build.0 = Release|Any CPU
	EndGlobalSection
	GlobalSection(SolutionProperties) = preSolution
		HideSolutionNode = FALSE
	EndGlobalSection
	GlobalSection(ExtensibilityGlobals) = postSolution
		SolutionGuid = {06DF0421-DD08-425D-BA6E-60B56C97CDE6}
	EndGlobalSection
EndGlobal
